
Microsoft Visual Studio Solution File, Format Version 12.00
# Visual Studio Version 17
VisualStudioVersion = 17.14.36414.22
MinimumVisualStudioVersion = 10.0.40219.1
Project("{FAE04EC0-301F-11D3-BF4B-00C04F79EFBC}") = "ErpSystemBeniSouef", "ErpSystemBeniSouef.csproj", "{76275E35-CD45-418A-83C2-DC746C9B2438}"
EndProject
Project("{FAE04EC0-301F-11D3-BF4B-00C04F79EFBC}") = "ErpSystemBeniSouef.Core", "..\ErpSystemBeniSouef.Core\ErpSystemBeniSouef.Core.csproj", "{AB8762E4-965D-4042-BF2F-4EBA1A7344E0}"
EndProject
Project("{FAE04EC0-301F-11D3-BF4B-00C04F79EFBC}") = "ErpSystemBeniSouef.Infrastructer", "..\ErpSystemBeniSouef.Infrastructer\ErpSystemBeniSouef.Infrastructer.csproj", "{D8F77BA2-A98B-4BDE-A55D-978E567E21D9}"
EndProject
Project("{FAE04EC0-301F-11D3-BF4B-00C04F79EFBC}") = "ErpSystemBeniSouef.Service", "..\ErpSystemBeniSouef.Service\ErpSystemBeniSouef.Service.csproj", "{1AAADE39-DDCA-4473-B365-B45D40D7D4F2}"
EndProject
Global
	GlobalSection(SolutionConfigurationPlatforms) = preSolution
		Debug|Any CPU = Debug|Any CPU
		Release|Any CPU = Release|Any CPU
	EndGlobalSection
	GlobalSection(ProjectConfigurationPlatforms) = postSolution
		{76275E35-CD45-418A-83C2-DC746C9B2438}.Debug|Any CPU.ActiveCfg = Debug|Any CPU
		{76275E35-CD45-418A-83C2-DC746C9B2438}.Debug|Any CPU.Build.0 = Debug|Any CPU
		{76275E35-CD45-418A-83C2-DC746C9B2438}.Release|Any CPU.ActiveCfg = Release|Any CPU
		{76275E35-CD45-418A-83C2-DC746C9B2438}.Release|Any CPU.Build.0 = Release|Any CPU
		{AB8762E4-965D-4042-BF2F-4EBA1A7344E0}.Debug|Any CPU.ActiveCfg = Debug|Any CPU
		{AB8762E4-965D-4042-BF2F-4EBA1A7344E0}.Debug|Any CPU.Build.0 = Debug|Any CPU
		{AB8762E4-965D-4042-BF2F-4EBA1A7344E0}.Release|Any CPU.ActiveCfg = Release|Any CPU
		{AB8762E4-965D-4042-BF2F-4EBA1A7344E0}.Release|Any CPU.Build.0 = Release|Any CPU
		{D8F77BA2-A98B-4BDE-A55D-978E567E21D9}.Debug|Any CPU.ActiveCfg = Debug|Any CPU
		{D8F77BA2-A98B-4BDE-A55D-978E567E21D9}.Debug|Any CPU.Build.0 = Debug|Any CPU
		{D8F77BA2-A98B-4BDE-A55D-978E567E21D9}.Release|Any CPU.ActiveCfg = Release|Any CPU
		{D8F77BA2-A98B-4BDE-A55D-978E567E21D9}.Release|Any CPU.Build.0 = Release|Any CPU
		{1AAADE39-DDCA-4473-B365-B45D40D7D4F2}.Debug|Any CPU.ActiveCfg = Debug|Any CPU
		{1AAADE39-DDCA-4473-B365-B45D40D7D4F2}.Debug|Any CPU.Build.0 = Debug|Any CPU
		{1AAADE39-DDCA-4473-B365-B45D40D7D4F2}.Release|Any CPU.ActiveCfg = Release|Any CPU
		{1AAADE39-DDCA-4473-B365-B45D40D7D4F2}.Release|Any CPU.Build.0 = Release|Any CPU
	EndGlobalSection
	GlobalSection(SolutionProperties) = preSolution
		HideSolutionNode = FALSE
	EndGlobalSection
	GlobalSection(ExtensibilityGlobals) = postSolution
		SolutionGuid = {BEDAC8FB-D543-4465-B9D5-390FD3713647}
	EndGlobalSection
EndGlobal
